
Microsoft Visual Studio Solution File, Format Version 12.00
# Visual Studio Version 16
VisualStudioVersion = 16.0.30104.148
MinimumVisualStudioVersion = 10.0.40219.1
Project("{FAE04EC0-301F-11D3-BF4B-00C04F79EFBC}") = "OzonTest", "OzonTest\OzonTest.csproj", "{2DADA807-9996-4B03-B7FE-58C68AEE1633}"
EndProject
Project("{2150E333-8FDC-42A3-9474-1A3956D46DE8}") = "D", "D", "{2A526432-5C28-4C6F-8201-8D63FC1EDF40}"
EndProject
Project("{FAE04EC0-301F-11D3-BF4B-00C04F79EFBC}") = "TaskD", "TaskD\TaskD.csproj", "{EFC17946-D452-4FD8-9EBC-EA4A0F973E8F}"
EndProject
Project("{FAE04EC0-301F-11D3-BF4B-00C04F79EFBC}") = "TaskDTest", "TaskDTest\TaskDTest.csproj", "{247AC0A0-6130-4944-BD8C-7BC85A1A1327}"
EndProject
Global
	GlobalSection(SolutionConfigurationPlatforms) = preSolution
		Debug|Any CPU = Debug|Any CPU
		Release|Any CPU = Release|Any CPU
	EndGlobalSection
	GlobalSection(ProjectConfigurationPlatforms) = postSolution
		{2DADA807-9996-4B03-B7FE-58C68AEE1633}.Debug|Any CPU.ActiveCfg = Debug|Any CPU
		{2DADA807-9996-4B03-B7FE-58C68AEE1633}.Debug|Any CPU.Build.0 = Debug|Any CPU
		{2DADA807-9996-4B03-B7FE-58C68AEE1633}.Release|Any CPU.ActiveCfg = Release|Any CPU
		{2DADA807-9996-4B03-B7FE-58C68AEE1633}.Release|Any CPU.Build.0 = Release|Any CPU
		{EFC17946-D452-4FD8-9EBC-EA4A0F973E8F}.Debug|Any CPU.ActiveCfg = Debug|Any CPU
		{EFC17946-D452-4FD8-9EBC-EA4A0F973E8F}.Debug|Any CPU.Build.0 = Debug|Any CPU
		{EFC17946-D452-4FD8-9EBC-EA4A0F973E8F}.Release|Any CPU.ActiveCfg = Release|Any CPU
		{EFC17946-D452-4FD8-9EBC-EA4A0F973E8F}.Release|Any CPU.Build.0 = Release|Any CPU
		{247AC0A0-6130-4944-BD8C-7BC85A1A1327}.Debug|Any CPU.ActiveCfg = Debug|Any CPU
		{247AC0A0-6130-4944-BD8C-7BC85A1A1327}.Debug|Any CPU.Build.0 = Debug|Any CPU
		{247AC0A0-6130-4944-BD8C-7BC85A1A1327}.Release|Any CPU.ActiveCfg = Release|Any CPU
		{247AC0A0-6130-4944-BD8C-7BC85A1A1327}.Release|Any CPU.Build.0 = Release|Any CPU
	EndGlobalSection
	GlobalSection(SolutionProperties) = preSolution
		HideSolutionNode = FALSE
	EndGlobalSection
	GlobalSection(NestedProjects) = preSolution
		{EFC17946-D452-4FD8-9EBC-EA4A0F973E8F} = {2A526432-5C28-4C6F-8201-8D63FC1EDF40}
		{247AC0A0-6130-4944-BD8C-7BC85A1A1327} = {2A526432-5C28-4C6F-8201-8D63FC1EDF40}
	EndGlobalSection
	GlobalSection(ExtensibilityGlobals) = postSolution
		SolutionGuid = {67364473-6811-4F16-B6DA-9C6AFF518F9E}
	EndGlobalSection
EndGlobal
